
Microsoft Visual Studio Solution File, Format Version 11.00
# Visual Studio 2010
Project("{FAE04EC0-301F-11D3-BF4B-00C04F79EFBC}") = "Assembly-CSharp", "Assembly-CSharp.csproj", "{D51422F9-7B54-227C-CABB-C468A6C8CD21}"
EndProject
Project("{FAE04EC0-301F-11D3-BF4B-00C04F79EFBC}") = "Assembly-CSharp-Editor", "Assembly-CSharp-Editor.csproj", "{AE619C6E-AA36-ABE2-548D-793F294B2BF2}"
EndProject
Global
	GlobalSection(SolutionConfigurationPlatforms) = preSolution
		Debug|Any CPU = Debug|Any CPU
		Release|Any CPU = Release|Any CPU
	EndGlobalSection
	GlobalSection(ProjectConfigurationPlatforms) = postSolution
		{D51422F9-7B54-227C-CABB-C468A6C8CD21}.Debug|Any CPU.ActiveCfg = Debug|Any CPU
		{D51422F9-7B54-227C-CABB-C468A6C8CD21}.Debug|Any CPU.Build.0 = Debug|Any CPU
		{D51422F9-7B54-227C-CABB-C468A6C8CD21}.Release|Any CPU.ActiveCfg = Release|Any CPU
		{D51422F9-7B54-227C-CABB-C468A6C8CD21}.Release|Any CPU.Build.0 = Release|Any CPU
		{AE619C6E-AA36-ABE2-548D-793F294B2BF2}.Debug|Any CPU.ActiveCfg = Debug|Any CPU
		{AE619C6E-AA36-ABE2-548D-793F294B2BF2}.Debug|Any CPU.Build.0 = Debug|Any CPU
		{AE619C6E-AA36-ABE2-548D-793F294B2BF2}.Release|Any CPU.ActiveCfg = Release|Any CPU
		{AE619C6E-AA36-ABE2-548D-793F294B2BF2}.Release|Any CPU.Build.0 = Release|Any CPU
	EndGlobalSection
	GlobalSection(SolutionProperties) = preSolution
		HideSolutionNode = FALSE
	EndGlobalSection
EndGlobal
